{
  "requires": true,
  "lockfileVersion": 1,
  "dependencies": {
    "@types/webmidi": {
      "version": "2.0.6",
      "resolved": "https://registry.npmjs.org/@types/webmidi/-/webmidi-2.0.6.tgz",
      "integrity": "sha512-sfS0A5IryqmBrUpcGPipEPeFdpqmZzP6b6lZFxHKgz5n2Vhzh4yJ5P2TvoDUhDjqJyv0Y25ng0Qodgo2Vu08ug=="
    },
    "jazz-midi": {
      "version": "1.7.8",
      "resolved": "https://registry.npmjs.org/jazz-midi/-/jazz-midi-1.7.8.tgz",
      "integrity": "sha512-IPIosL+b2bQkRQLghXRgZcDg4LWT1Cn5izbnVhZSeL2L/fOyTn0MjMtcBWvwDCBoVdbLWQyKm5/mhnd1quqONQ=="
    },
    "jzz": {
      "version": "1.5.6",
      "resolved": "https://registry.npmjs.org/jzz/-/jzz-1.5.6.tgz",
      "integrity": "sha512-hu3tax3FI95JGppNFSle063N96xEgjT0x1NZ1Qw+6e7kHTCEzrsi1QDrkq6zYiIt7rPPPR3o/hv1uCqjYDenHg==",
      "requires": {
        "@types/webmidi": "^2.0.6",
        "jazz-midi": "^1.7.8"
      }
    }
  }
}
